
Microsoft Visual Studio Solution File, Format Version 12.00
# Visual Studio Version 17
VisualStudioVersion = 17.11.35303.130
MinimumVisualStudioVersion = 10.0.40219.1
Project("{FAE04EC0-301F-11D3-BF4B-00C04F79EFBC}") = "The_Long_Game", "The_Long_Game\The_Long_Game.csproj", "{A4F7BB4E-71CA-43DA-B274-679A7E91DC0D}"
EndProject
Global
	GlobalSection(SolutionConfigurationPlatforms) = preSolution
		Debug|Any CPU = Debug|Any CPU
		Release|Any CPU = Release|Any CPU
	EndGlobalSection
	GlobalSection(ProjectConfigurationPlatforms) = postSolution
		{A4F7BB4E-71CA-43DA-B274-679A7E91DC0D}.Debug|Any CPU.ActiveCfg = Debug|Any CPU
		{A4F7BB4E-71CA-43DA-B274-679A7E91DC0D}.Debug|Any CPU.Build.0 = Debug|Any CPU
		{A4F7BB4E-71CA-43DA-B274-679A7E91DC0D}.Release|Any CPU.ActiveCfg = Release|Any CPU
		{A4F7BB4E-71CA-43DA-B274-679A7E91DC0D}.Release|Any CPU.Build.0 = Release|Any CPU
	EndGlobalSection
	GlobalSection(SolutionProperties) = preSolution
		HideSolutionNode = FALSE
	EndGlobalSection
	GlobalSection(ExtensibilityGlobals) = postSolution
		SolutionGuid = {1A86707E-CD7F-47D9-AA96-301F13BA008B}
	EndGlobalSection
EndGlobal
